
Microsoft Visual Studio Solution File, Format Version 12.00
# Visual Studio Version 16
VisualStudioVersion = 16.0.30804.86
MinimumVisualStudioVersion = 10.0.40219.1
Project("{FAE04EC0-301F-11D3-BF4B-00C04F79EFBC}") = "WizardControlXamarin.UWP", "WizardControlXamarin\WizardControlXamarin.UWP\WizardControlXamarin.UWP.csproj", "{919991B1-5B6B-4F7E-8133-581A4AE09018}"
EndProject
Project("{FAE04EC0-301F-11D3-BF4B-00C04F79EFBC}") = "WizardControlXamarin.Android", "WizardControlXamarin\WizardControlXamarin.Android\WizardControlXamarin.Android.csproj", "{9681BD74-0A44-42A5-98DA-79645D0D1D5C}"
EndProject
Project("{FAE04EC0-301F-11D3-BF4B-00C04F79EFBC}") = "WizardControlXamarin.iOS", "WizardControlXamarin\WizardControlXamarin.iOS\WizardControlXamarin.iOS.csproj", "{74367E82-8BAC-4B2B-98CC-9A4F9E0266AB}"
EndProject
Project("{FAE04EC0-301F-11D3-BF4B-00C04F79EFBC}") = "WizardControlXamarin", "WizardControlXamarin\WizardControlXamarin\WizardControlXamarin.csproj", "{36112F0B-B498-401D-9D18-ADF2F8E32C9B}"
EndProject
Global
	GlobalSection(SolutionConfigurationPlatforms) = preSolution
		Debug|Any CPU = Debug|Any CPU
		Debug|ARM = Debug|ARM
		Debug|iPhone = Debug|iPhone
		Debug|iPhoneSimulator = Debug|iPhoneSimulator
		Debug|x64 = Debug|x64
		Debug|x86 = Debug|x86
		Release|Any CPU = Release|Any CPU
		Release|ARM = Release|ARM
		Release|iPhone = Release|iPhone
		Release|iPhoneSimulator = Release|iPhoneSimulator
		Release|x64 = Release|x64
		Release|x86 = Release|x86
	EndGlobalSection
	GlobalSection(ProjectConfigurationPlatforms) = postSolution
		{919991B1-5B6B-4F7E-8133-581A4AE09018}.Debug|Any CPU.ActiveCfg = Debug|x86
		{919991B1-5B6B-4F7E-8133-581A4AE09018}.Debug|Any CPU.Build.0 = Debug|x86
		{919991B1-5B6B-4F7E-8133-581A4AE09018}.Debug|Any CPU.Deploy.0 = Debug|x86
		{919991B1-5B6B-4F7E-8133-581A4AE09018}.Debug|ARM.ActiveCfg = Debug|ARM
		{919991B1-5B6B-4F7E-8133-581A4AE09018}.Debug|ARM.Build.0 = Debug|ARM
		{919991B1-5B6B-4F7E-8133-581A4AE09018}.Debug|ARM.Deploy.0 = Debug|ARM
		{919991B1-5B6B-4F7E-8133-581A4AE09018}.Debug|iPhone.ActiveCfg = Debug|x86
		{919991B1-5B6B-4F7E-8133-581A4AE09018}.Debug|iPhone.Build.0 = Debug|x86
		{919991B1-5B6B-4F7E-8133-581A4AE09018}.Debug|iPhone.Deploy.0 = Debug|x86
		{919991B1-5B6B-4F7E-8133-581A4AE09018}.Debug|iPhoneSimulator.ActiveCfg = Debug|x86
		{919991B1-5B6B-4F7E-8133-581A4AE09018}.Debug|iPhoneSimulator.Build.0 = Debug|x86
		{919991B1-5B6B-4F7E-8133-581A4AE09018}.Debug|iPhoneSimulator.Deploy.0 = Debug|x86
		{919991B1-5B6B-4F7E-8133-581A4AE09018}.Debug|x64.ActiveCfg = Debug|x64
		{919991B1-5B6B-4F7E-8133-581A4AE09018}.Debug|x64.Build.0 = Debug|x64
		{919991B1-5B6B-4F7E-8133-581A4AE09018}.Debug|x64.Deploy.0 = Debug|x64
		{919991B1-5B6B-4F7E-8133-581A4AE09018}.Debug|x86.ActiveCfg = Debug|x86
		{919991B1-5B6B-4F7E-8133-581A4AE09018}.Debug|x86.Build.0 = Debug|x86
		{919991B1-5B6B-4F7E-8133-581A4AE09018}.Debug|x86.Deploy.0 = Debug|x86
		{919991B1-5B6B-4F7E-8133-581A4AE09018}.Release|Any CPU.ActiveCfg = Release|x86
		{919991B1-5B6B-4F7E-8133-581A4AE09018}.Release|Any CPU.Build.0 = Release|x86
		{919991B1-5B6B-4F7E-8133-581A4AE09018}.Release|Any CPU.Deploy.0 = Release|x86
		{919991B1-5B6B-4F7E-8133-581A4AE09018}.Release|ARM.ActiveCfg = Release|ARM
		{919991B1-5B6B-4F7E-8133-581A4AE09018}.Release|ARM.Build.0 = Release|ARM
		{919991B1-5B6B-4F7E-8133-581A4AE09018}.Release|ARM.Deploy.0 = Release|ARM
		{919991B1-5B6B-4F7E-8133-581A4AE09018}.Release|iPhone.ActiveCfg = Release|x86
		{919991B1-5B6B-4F7E-8133-581A4AE09018}.Release|iPhone.Build.0 = Release|x86
		{919991B1-5B6B-4F7E-8133-581A4AE09018}.Release|iPhone.Deploy.0 = Release|x86
		{919991B1-5B6B-4F7E-8133-581A4AE09018}.Release|iPhoneSimulator.ActiveCfg = Release|x86
		{919991B1-5B6B-4F7E-8133-581A4AE09018}.Release|iPhoneSimulator.Build.0 = Release|x86
		{919991B1-5B6B-4F7E-8133-581A4AE09018}.Release|iPhoneSimulator.Deploy.0 = Release|x86
		{919991B1-5B6B-4F7E-8133-581A4AE09018}.Release|x64.ActiveCfg = Release|x64
		{919991B1-5B6B-4F7E-8133-581A4AE09018}.Release|x64.Build.0 = Release|x64
		{919991B1-5B6B-4F7E-8133-581A4AE09018}.Release|x64.Deploy.0 = Release|x64
		{919991B1-5B6B-4F7E-8133-581A4AE09018}.Release|x86.ActiveCfg = Release|x86
		{919991B1-5B6B-4F7E-8133-581A4AE09018}.Release|x86.Build.0 = Release|x86
		{919991B1-5B6B-4F7E-8133-581A4AE09018}.Release|x86.Deploy.0 = Release|x86
		{9681BD74-0A44-42A5-98DA-79645D0D1D5C}.Debug|Any CPU.ActiveCfg = Debug|Any CPU
		{9681BD74-0A44-42A5-98DA-79645D0D1D5C}.Debug|Any CPU.Build.0 = Debug|Any CPU
		{9681BD74-0A44-42A5-98DA-79645D0D1D5C}.Debug|Any CPU.Deploy.0 = Debug|Any CPU
		{9681BD74-0A44-42A5-98DA-79645D0D1D5C}.Debug|ARM.ActiveCfg = Debug|Any CPU
		{9681BD74-0A44-42A5-98DA-79645D0D1D5C}.Debug|ARM.Build.0 = Debug|Any CPU
		{9681BD74-0A44-42A5-98DA-79645D0D1D5C}.Debug|ARM.Deploy.0 = Debug|Any CPU
		{9681BD74-0A44-42A5-98DA-79645D0D1D5C}.Debug|iPhone.ActiveCfg = Debug|Any CPU
		{9681BD74-0A44-42A5-98DA-79645D0D1D5C}.Debug|iPhone.Build.0 = Debug|Any CPU
		{9681BD74-0A44-42A5-98DA-79645D0D1D5C}.Debug|iPhone.Deploy.0 = Debug|Any CPU
		{9681BD74-0A44-42A5-98DA-79645D0D1D5C}.Debug|iPhoneSimulator.ActiveCfg = Debug|Any CPU
		{9681BD74-0A44-42A5-98DA-79645D0D1D5C}.Debug|iPhoneSimulator.Build.0 = Debug|Any CPU
		{9681BD74-0A44-42A5-98DA-79645D0D1D5C}.Debug|iPhoneSimulator.Deploy.0 = Debug|Any CPU
		{9681BD74-0A44-42A5-98DA-79645D0D1D5C}.Debug|x64.ActiveCfg = Debug|Any CPU
		{9681BD74-0A44-42A5-98DA-79645D0D1D5C}.Debug|x64.Build.0 = Debug|Any CPU
		{9681BD74-0A44-42A5-98DA-79645D0D1D5C}.Debug|x64.Deploy.0 = Debug|Any CPU
		{9681BD74-0A44-42A5-98DA-79645D0D1D5C}.Debug|x86.ActiveCfg = Debug|Any CPU
		{9681BD74-0A44-42A5-98DA-79645D0D1D5C}.Debug|x86.Build.0 = Debug|Any CPU
		{9681BD74-0A44-42A5-98DA-79645D0D1D5C}.Debug|x86.Deploy.0 = Debug|Any CPU
		{9681BD74-0A44-42A5-98DA-79645D0D1D5C}.Release|Any CPU.ActiveCfg = Release|Any CPU
		{9681BD74-0A44-42A5-98DA-79645D0D1D5C}.Release|Any CPU.Build.0 = Release|Any CPU
		{9681BD74-0A44-42A5-98DA-79645D0D1D5C}.Release|Any CPU.Deploy.0 = Release|Any CPU
		{9681BD74-0A44-42A5-98DA-79645D0D1D5C}.Release|ARM.ActiveCfg = Release|Any CPU
		{9681BD74-0A44-42A5-98DA-79645D0D1D5C}.Release|ARM.Build.0 = Release|Any CPU
		{9681BD74-0A44-42A5-98DA-79645D0D1D5C}.Release|ARM.Deploy.0 = Release|Any CPU
		{9681BD74-0A44-42A5-98DA-79645D0D1D5C}.Release|iPhone.ActiveCfg = Release|Any CPU
		{9681BD74-0A44-42A5-98DA-79645D0D1D5C}.Release|iPhone.Build.0 = Release|Any CPU
		{9681BD74-0A44-42A5-98DA-79645D0D1D5C}.Release|iPhone.Deploy.0 = Release|Any CPU
		{9681BD74-0A44-42A5-98DA-79645D0D1D5C}.Release|iPhoneSimulator.ActiveCfg = Release|Any CPU
		{9681BD74-0A44-42A5-98DA-79645D0D1D5C}.Release|iPhoneSimulator.Build.0 = Release|Any CPU
		{9681BD74-0A44-42A5-98DA-79645D0D1D5C}.Release|iPhoneSimulator.Deploy.0 = Release|Any CPU
		{9681BD74-0A44-42A5-98DA-79645D0D1D5C}.Release|x64.ActiveCfg = Release|Any CPU
		{9681BD74-0A44-42A5-98DA-79645D0D1D5C}.Release|x64.Build.0 = Release|Any CPU
		{9681BD74-0A44-42A5-98DA-79645D0D1D5C}.Release|x64.Deploy.0 = Release|Any CPU
		{9681BD74-0A44-42A5-98DA-79645D0D1D5C}.Release|x86.ActiveCfg = Release|Any CPU
		{9681BD74-0A44-42A5-98DA-79645D0D1D5C}.Release|x86.Build.0 = Release|Any CPU
		{9681BD74-0A44-42A5-98DA-79645D0D1D5C}.Release|x86.Deploy.0 = Release|Any CPU
		{74367E82-8BAC-4B2B-98CC-9A4F9E0266AB}.Debug|Any CPU.ActiveCfg = Debug|iPhoneSimulator
		{74367E82-8BAC-4B2B-98CC-9A4F9E0266AB}.Debug|Any CPU.Build.0 = Debug|iPhoneSimulator
		{74367E82-8BAC-4B2B-98CC-9A4F9E0266AB}.Debug|Any CPU.Deploy.0 = Debug|iPhoneSimulator
		{74367E82-8BAC-4B2B-98CC-9A4F9E0266AB}.Debug|ARM.ActiveCfg = Debug|iPhone
		{74367E82-8BAC-4B2B-98CC-9A4F9E0266AB}.Debug|ARM.Build.0 = Debug|iPhone
		{74367E82-8BAC-4B2B-98CC-9A4F9E0266AB}.Debug|ARM.Deploy.0 = Debug|iPhone
		{74367E82-8BAC-4B2B-98CC-9A4F9E0266AB}.Debug|iPhone.ActiveCfg = Debug|iPhone
		{74367E82-8BAC-4B2B-98CC-9A4F9E0266AB}.Debug|iPhone.Build.0 = Debug|iPhone
		{74367E82-8BAC-4B2B-98CC-9A4F9E0266AB}.Debug|iPhone.Deploy.0 = Debug|iPhone
		{74367E82-8BAC-4B2B-98CC-9A4F9E0266AB}.Debug|iPhoneSimulator.ActiveCfg = Debug|iPhoneSimulator
		{74367E82-8BAC-4B2B-98CC-9A4F9E0266AB}.Debug|iPhoneSimulator.Build.0 = Debug|iPhoneSimulator
		{74367E82-8BAC-4B2B-98CC-9A4F9E0266AB}.Debug|iPhoneSimulator.Deploy.0 = Debug|iPhoneSimulator
		{74367E82-8BAC-4B2B-98CC-9A4F9E0266AB}.Debug|x64.ActiveCfg = Debug|iPhoneSimulator
		{74367E82-8BAC-4B2B-98CC-9A4F9E0266AB}.Debug|x64.Build.0 = Debug|iPhoneSimulator
		{74367E82-8BAC-4B2B-98CC-9A4F9E0266AB}.Debug|x64.Deploy.0 = Debug|iPhoneSimulator
		{74367E82-8BAC-4B2B-98CC-9A4F9E0266AB}.Debug|x86.ActiveCfg = Debug|iPhoneSimulator
		{74367E82-8BAC-4B2B-98CC-9A4F9E0266AB}.Debug|x86.Build.0 = Debug|iPhoneSimulator
		{74367E82-8BAC-4B2B-98CC-9A4F9E0266AB}.Debug|x86.Deploy.0 = Debug|iPhoneSimulator
		{74367E82-8BAC-4B2B-98CC-9A4F9E0266AB}.Release|Any CPU.ActiveCfg = Release|iPhoneSimulator
		{74367E82-8BAC-4B2B-98CC-9A4F9E0266AB}.Release|Any CPU.Build.0 = Release|iPhoneSimulator
		{74367E82-8BAC-4B2B-98CC-9A4F9E0266AB}.Release|Any CPU.Deploy.0 = Release|iPhoneSimulator
		{74367E82-8BAC-4B2B-98CC-9A4F9E0266AB}.Release|ARM.ActiveCfg = Release|iPhoneSimulator
		{74367E82-8BAC-4B2B-98CC-9A4F9E0266AB}.Release|ARM.Build.0 = Release|iPhoneSimulator
		{74367E82-8BAC-4B2B-98CC-9A4F9E0266AB}.Release|ARM.Deploy.0 = Release|iPhoneSimulator
		{74367E82-8BAC-4B2B-98CC-9A4F9E0266AB}.Release|iPhone.ActiveCfg = Release|iPhone
		{74367E82-8BAC-4B2B-98CC-9A4F9E0266AB}.Release|iPhone.Build.0 = Release|iPhone
		{74367E82-8BAC-4B2B-98CC-9A4F9E0266AB}.Release|iPhone.Deploy.0 = Release|iPhone
		{74367E82-8BAC-4B2B-98CC-9A4F9E0266AB}.Release|iPhoneSimulator.ActiveCfg = Release|iPhoneSimulator
		{74367E82-8BAC-4B2B-98CC-9A4F9E0266AB}.Release|iPhoneSimulator.Build.0 = Release|iPhoneSimulator
		{74367E82-8BAC-4B2B-98CC-9A4F9E0266AB}.Release|iPhoneSimulator.Deploy.0 = Release|iPhoneSimulator
		{74367E82-8BAC-4B2B-98CC-9A4F9E0266AB}.Release|x64.ActiveCfg = Release|iPhoneSimulator
		{74367E82-8BAC-4B2B-98CC-9A4F9E0266AB}.Release|x64.Build.0 = Release|iPhoneSimulator
		{74367E82-8BAC-4B2B-98CC-9A4F9E0266AB}.Release|x64.Deploy.0 = Release|iPhoneSimulator
		{74367E82-8BAC-4B2B-98CC-9A4F9E0266AB}.Release|x86.ActiveCfg = Release|iPhoneSimulator
		{74367E82-8BAC-4B2B-98CC-9A4F9E0266AB}.Release|x86.Build.0 = Release|iPhoneSimulator
		{74367E82-8BAC-4B2B-98CC-9A4F9E0266AB}.Release|x86.Deploy.0 = Release|iPhoneSimulator
		{36112F0B-B498-401D-9D18-ADF2F8E32C9B}.Debug|Any CPU.ActiveCfg = Debug|Any CPU
		{36112F0B-B498-401D-9D18-ADF2F8E32C9B}.Debug|Any CPU.Build.0 = Debug|Any CPU
		{36112F0B-B498-401D-9D18-ADF2F8E32C9B}.Debug|Any CPU.Deploy.0 = Debug|Any CPU
		{36112F0B-B498-401D-9D18-ADF2F8E32C9B}.Debug|ARM.ActiveCfg = Debug|Any CPU
		{36112F0B-B498-401D-9D18-ADF2F8E32C9B}.Debug|ARM.Build.0 = Debug|Any CPU
		{36112F0B-B498-401D-9D18-ADF2F8E32C9B}.Debug|ARM.Deploy.0 = Debug|Any CPU
		{36112F0B-B498-401D-9D18-ADF2F8E32C9B}.Debug|iPhone.ActiveCfg = Debug|Any CPU
		{36112F0B-B498-401D-9D18-ADF2F8E32C9B}.Debug|iPhone.Build.0 = Debug|Any CPU
		{36112F0B-B498-401D-9D18-ADF2F8E32C9B}.Debug|iPhone.Deploy.0 = Debug|Any CPU
		{36112F0B-B498-401D-9D18-ADF2F8E32C9B}.Debug|iPhoneSimulator.ActiveCfg = Debug|Any CPU
		{36112F0B-B498-401D-9D18-ADF2F8E32C9B}.Debug|iPhoneSimulator.Build.0 = Debug|Any CPU
		{36112F0B-B498-401D-9D18-ADF2F8E32C9B}.Debug|iPhoneSimulator.Deploy.0 = Debug|Any CPU
		{36112F0B-B498-401D-9D18-ADF2F8E32C9B}.Debug|x64.ActiveCfg = Debug|Any CPU
		{36112F0B-B498-401D-9D18-ADF2F8E32C9B}.Debug|x64.Build.0 = Debug|Any CPU
		{36112F0B-B498-401D-9D18-ADF2F8E32C9B}.Debug|x64.Deploy.0 = Debug|Any CPU
		{36112F0B-B498-401D-9D18-ADF2F8E32C9B}.Debug|x86.ActiveCfg = Debug|Any CPU
		{36112F0B-B498-401D-9D18-ADF2F8E32C9B}.Debug|x86.Build.0 = Debug|Any CPU
		{36112F0B-B498-401D-9D18-ADF2F8E32C9B}.Debug|x86.Deploy.0 = Debug|Any CPU
		{36112F0B-B498-401D-9D18-ADF2F8E32C9B}.Release|Any CPU.ActiveCfg = Release|Any CPU
		{36112F0B-B498-401D-9D18-ADF2F8E32C9B}.Release|Any CPU.Build.0 = Release|Any CPU
		{36112F0B-B498-401D-9D18-ADF2F8E32C9B}.Release|Any CPU.Deploy.0 = Release|Any CPU
		{36112F0B-B498-401D-9D18-ADF2F8E32C9B}.Release|ARM.ActiveCfg = Release|Any CPU
		{36112F0B-B498-401D-9D18-ADF2F8E32C9B}.Release|ARM.Build.0 = Release|Any CPU
		{36112F0B-B498-401D-9D18-ADF2F8E32C9B}.Release|ARM.Deploy.0 = Release|Any CPU
		{36112F0B-B498-401D-9D18-ADF2F8E32C9B}.Release|iPhone.ActiveCfg = Release|Any CPU
		{36112F0B-B498-401D-9D18-ADF2F8E32C9B}.Release|iPhone.Build.0 = Release|Any CPU
		{36112F0B-B498-401D-9D18-ADF2F8E32C9B}.Release|iPhone.Deploy.0 = Release|Any CPU
		{36112F0B-B498-401D-9D18-ADF2F8E32C9B}.Release|iPhoneSimulator.ActiveCfg = Release|Any CPU
		{36112F0B-B498-401D-9D18-ADF2F8E32C9B}.Release|iPhoneSimulator.Build.0 = Release|Any CPU
		{36112F0B-B498-401D-9D18-ADF2F8E32C9B}.Release|iPhoneSimulator.Deploy.0 = Release|Any CPU
		{36112F0B-B498-401D-9D18-ADF2F8E32C9B}.Release|x64.ActiveCfg = Release|Any CPU
		{36112F0B-B498-401D-9D18-ADF2F8E32C9B}.Release|x64.Build.0 = Release|Any CPU
		{36112F0B-B498-401D-9D18-ADF2F8E32C9B}.Release|x64.Deploy.0 = Release|Any CPU
		{36112F0B-B498-401D-9D18-ADF2F8E32C9B}.Release|x86.ActiveCfg = Release|Any CPU
		{36112F0B-B498-401D-9D18-ADF2F8E32C9B}.Release|x86.Build.0 = Release|Any CPU
		{36112F0B-B498-401D-9D18-ADF2F8E32C9B}.Release|x86.Deploy.0 = Release|Any CPU
	EndGlobalSection
	GlobalSection(SolutionProperties) = preSolution
		HideSolutionNode = FALSE
	EndGlobalSection
	GlobalSection(ExtensibilityGlobals) = postSolution
		SolutionGuid = {A52DCCB9-7F5D-4B4A-AD50-40947FEEA973}
	EndGlobalSection
EndGlobal
